// !$*UTF8*$!
{
	archiveVersion = 1;
	classes = {
	};
	objectVersion = 55;
	objects = {

/* Begin PBXBuildFile section */
		2E6C22EE281A902500E0A166 /* AppDelegate.swift in Sources */ = {isa = PBXBuildFile; fileRef = 2E6C22ED281A902500E0A166 /* AppDelegate.swift */; };
		2E6C22F0281A902500E0A166 /* SceneDelegate.swift in Sources */ = {isa = PBXBuildFile; fileRef = 2E6C22EF281A902500E0A166 /* SceneDelegate.swift */; };
		2E6C22F2281A902500E0A166 /* ViewController.swift in Sources */ = {isa = PBXBuildFile; fileRef = 2E6C22F1281A902500E0A166 /* ViewController.swift */; };
		2E6C22F5281A902500E0A166 /* Main.storyboard in Resources */ = {isa = PBXBuildFile; fileRef = 2E6C22F3281A902500E0A166 /* Main.storyboard */; };
		2E6C22F8281A902500E0A166 /* NC1.xcdatamodeld in Sources */ = {isa = PBXBuildFile; fileRef = 2E6C22F6281A902500E0A166 /* NC1.xcdatamodeld */; };
		2E6C22FA281A902600E0A166 /* Assets.xcassets in Resources */ = {isa = PBXBuildFile; fileRef = 2E6C22F9281A902600E0A166 /* Assets.xcassets */; };
		2E6C22FD281A902600E0A166 /* LaunchScreen.storyboard in Resources */ = {isa = PBXBuildFile; fileRef = 2E6C22FB281A902600E0A166 /* LaunchScreen.storyboard */; };
		2E6C2306281B86C900E0A166 /* PrescriptionController.swift in Sources */ = {isa = PBXBuildFile; fileRef = 2E6C2305281B86C900E0A166 /* PrescriptionController.swift */; };
/* End PBXBuildFile section */

/* Begin PBXFileReference section */
		2E6C22EA281A902500E0A166 /* NC1.app */ = {isa = PBXFileReference; explicitFileType = wrapper.application; includeInIndex = 0; path = NC1.app; sourceTree = BUILT_PRODUCTS_DIR; };
		2E6C22ED281A902500E0A166 /* AppDelegate.swift */ = {isa = PBXFileReference; lastKnownFileType = sourcecode.swift; path = AppDelegate.swift; sourceTree = "<group>"; };
		2E6C22EF281A902500E0A166 /* SceneDelegate.swift */ = {isa = PBXFileReference; lastKnownFileType = sourcecode.swift; path = SceneDelegate.swift; sourceTree = "<group>"; };
		2E6C22F1281A902500E0A166 /* ViewController.swift */ = {isa = PBXFileReference; lastKnownFileType = sourcecode.swift; path = ViewController.swift; sourceTree = "<group>"; };
		2E6C22F4281A902500E0A166 /* Base */ = {isa = PBXFileReference; lastKnownFileType = file.storyboard; name = Base; path = Base.lproj/Main.storyboard; sourceTree = "<group>"; };
		2E6C22F7281A902500E0A166 /* NC1.xcdatamodel */ = {isa = PBXFileReference; lastKnownFileType = wrapper.xcdatamodel; path = NC1.xcdatamodel; sourceTree = "<group>"; };
		2E6C22F9281A902600E0A166 /* Assets.xcassets */ = {isa = PBXFileReference; lastKnownFileType = folder.assetcatalog; path = Assets.xcassets; sourceTree = "<group>"; };
		2E6C22FC281A902600E0A166 /* Base */ = {isa = PBXFileReference; lastKnownFileType = file.storyboard; name = Base; path = Base.lproj/LaunchScreen.storyboard; sourceTree = "<group>"; };
		2E6C22FE281A902600E0A166 /* Info.plist */ = {isa = PBXFileReference; lastKnownFileType = text.plist.xml; path = Info.plist; sourceTree = "<group>"; };
		2E6C2305281B86C900E0A166 /* PrescriptionController.swift */ = {isa = PBXFileReference; lastKnownFileType = sourcecode.swift; path = PrescriptionController.swift; sourceTree = "<group>"; };
/* End PBXFileReference section */

/* Begin PBXFrameworksBuildPhase section */
		2E6C22E7281A902500E0A166 /* Frameworks */ = {
			isa = PBXFrameworksBuildPhase;
			buildActionMask = 2147483647;
			files = (
			);
			runOnlyForDeploymentPostprocessing = 0;
		};
/* End PBXFrameworksBuildPhase section */

/* Begin PBXGroup section */
		2E6C22E1281A902500E0A166 = {
			isa = PBXGroup;
			children = (
				2E6C22EC281A902500E0A166 /* NC1 */,
				2E6C22EB281A902500E0A166 /* Products */,
			);
			sourceTree = "<group>";
		};
		2E6C22EB281A902500E0A166 /* Products */ = {
			isa = PBXGroup;
			children = (
				2E6C22EA281A902500E0A166 /* NC1.app */,
			);
			name = Products;
			sourceTree = "<group>";
		};
		2E6C22EC281A902500E0A166 /* NC1 */ = {
			isa = PBXGroup;
			children = (
				2E6C2304281B186F00E0A166 /* Controller */,
				2E6C22ED281A902500E0A166 /* AppDelegate.swift */,
				2E6C22EF281A902500E0A166 /* SceneDelegate.swift */,
				2E6C22F3281A902500E0A166 /* Main.storyboard */,
				2E6C22F9281A902600E0A166 /* Assets.xcassets */,
				2E6C22FB281A902600E0A166 /* LaunchScreen.storyboard */,
				2E6C22FE281A902600E0A166 /* Info.plist */,
				2E6C22F6281A902500E0A166 /* NC1.xcdatamodeld */,
			);
			path = NC1;
			sourceTree = "<group>";
		};
		2E6C2304281B186F00E0A166 /* Controller */ = {
			isa = PBXGroup;
			children = (
				2E6C22F1281A902500E0A166 /* ViewController.swift */,
				2E6C2305281B86C900E0A166 /* PrescriptionController.swift */,
			);
			path = Controller;
			sourceTree = "<group>";
		};
/* End PBXGroup section */

/* Begin PBXNativeTarget section */
		2E6C22E9281A902500E0A166 /* NC1 */ = {
			isa = PBXNativeTarget;
			buildConfigurationList = 2E6C2301281A902600E0A166 /* Build configuration list for PBXNativeTarget "NC1" */;
			buildPhases = (
				2E6C22E6281A902500E0A166 /* Sources */,
				2E6C22E7281A902500E0A166 /* Frameworks */,
				2E6C22E8281A902500E0A166 /* Resources */,
			);
			buildRules = (
			);
			dependencies = (
			);
			name = NC1;
			productName = NC1;
			productReference = 2E6C22EA281A902500E0A166 /* NC1.app */;
			productType = "com.apple.product-type.application";
		};
/* End PBXNativeTarget section */

/* Begin PBXProject section */
		2E6C22E2281A902500E0A166 /* Project object */ = {
			isa = PBXProject;
			attributes = {
				BuildIndependentTargetsInParallel = 1;
				LastSwiftUpdateCheck = 1330;
				LastUpgradeCheck = 1330;
				TargetAttributes = {
					2E6C22E9281A902500E0A166 = {
						CreatedOnToolsVersion = 13.3;
					};
				};
			};
			buildConfigurationList = 2E6C22E5281A902500E0A166 /* Build configuration list for PBXProject "NC1" */;
			compatibilityVersion = "Xcode 13.0";
			developmentRegion = en;
			hasScannedForEncodings = 0;
			knownRegions = (
				en,
				Base,
			);
			mainGroup = 2E6C22E1281A902500E0A166;
			productRefGroup = 2E6C22EB281A902500E0A166 /* Products */;
			projectDirPath = "";
			projectRoot = "";
			targets = (
				2E6C22E9281A902500E0A166 /* NC1 */,
			);
		};
/* End PBXProject section */

/* Begin PBXResourcesBuildPhase section */
		2E6C22E8281A902500E0A166 /* Resources */ = {
			isa = PBXResourcesBuildPhase;
			buildActionMask = 2147483647;
			files = (
				2E6C22FD281A902600E0A166 /* LaunchScreen.storyboard in Resources */,
				2E6C22FA281A902600E0A166 /* Assets.xcassets in Resources */,
				2E6C22F5281A902500E0A166 /* Main.storyboard in Resources */,
			);
			runOnlyForDeploymentPostprocessing = 0;
		};
/* End PBXResourcesBuildPhase section */

/* Begin PBXSourcesBuildPhase section */
		2E6C22E6281A902500E0A166 /* Sources */ = {
			isa = PBXSourcesBuildPhase;
			buildActionMask = 2147483647;
			files = (
				2E6C22F2281A902500E0A166 /* ViewController.swift in Sources */,
				2E6C22EE281A902500E0A166 /* AppDelegate.swift in Sources */,
				2E6C22F8281A902500E0A166 /* NC1.xcdatamodeld in Sources */,
				2E6C22F0281A902500E0A166 /* SceneDelegate.swift in Sources */,
				2E6C2306281B86C900E0A166 /* PrescriptionController.swift in Sources */,
			);
			runOnlyForDeploymentPostprocessing = 0;
		};
/* End PBXSourcesBuildPhase section */

/* Begin PBXVariantGroup section */
		2E6C22F3281A902500E0A166 /* Main.storyboard */ = {
			isa = PBXVariantGroup;
			children = (
				2E6C22F4281A902500E0A166 /* Base */,
			);
			name = Main.storyboard;
			sourceTree = "<group>";
		};
		2E6C22FB281A902600E0A166 /* LaunchScreen.storyboard */ = {
			isa = PBXVariantGroup;
			children = (
				2E6C22FC281A902600E0A166 /* Base */,
			);
			name = LaunchScreen.storyboard;
			sourceTree = "<group>";
		};
/* End PBXVariantGroup section */

/* Begin XCBuildConfiguration section */
		2E6C22FF281A902600E0A166 /* Debug */ = {
			isa = XCBuildConfiguration;
			buildSettings = {
				ALWAYS_SEARCH_USER_PATHS = NO;
				CLANG_ANALYZER_NONNULL = YES;
				CLANG_ANALYZER_NUMBER_OBJECT_CONVERSION = YES_AGGRESSIVE;
				CLANG_CXX_LANGUAGE_STANDARD = "gnu++17";
				CLANG_ENABLE_MODULES = YES;
				CLANG_ENABLE_OBJC_ARC = YES;
				CLANG_ENABLE_OBJC_WEAK = YES;
				CLANG_WARN_BLOCK_CAPTURE_AUTORELEASING = YES;
				CLANG_WARN_BOOL_CONVERSION = YES;
				CLANG_WARN_COMMA = YES;
				CLANG_WARN_CONSTANT_CONVERSION = YES;
				CLANG_WARN_DEPRECATED_OBJC_IMPLEMENTATIONS = YES;
				CLANG_WARN_DIRECT_OBJC_ISA_USAGE = YES_ERROR;
				CLANG_WARN_DOCUMENTATION_COMMENTS = YES;
				CLANG_WARN_EMPTY_BODY = YES;
				CLANG_WARN_ENUM_CONVERSION = YES;
				CLANG_WARN_INFINITE_RECURSION = YES;
				CLANG_WARN_INT_CONVERSION = YES;
				CLANG_WARN_NON_LITERAL_NULL_CONVERSION = YES;
				CLANG_WARN_OBJC_IMPLICIT_RETAIN_SELF = YES;
				CLANG_WARN_OBJC_LITERAL_CONVERSION = YES;
				CLANG_WARN_OBJC_ROOT_CLASS = YES_ERROR;
				CLANG_WARN_QUOTED_INCLUDE_IN_FRAMEWORK_HEADER = YES;
				CLANG_WARN_RANGE_LOOP_ANALYSIS = YES;
				CLANG_WARN_STRICT_PROTOTYPES = YES;
				CLANG_WARN_SUSPICIOUS_MOVE = YES;
				CLANG_WARN_UNGUARDED_AVAILABILITY = YES_AGGRESSIVE;
				CLANG_WARN_UNREACHABLE_CODE = YES;
				CLANG_WARN__DUPLICATE_METHOD_MATCH = YES;
				COPY_PHASE_STRIP = NO;
				DEBUG_INFORMATION_FORMAT = dwarf;
				ENABLE_STRICT_OBJC_MSGSEND = YES;
				ENABLE_TESTABILITY = YES;
				GCC_C_LANGUAGE_STANDARD = gnu11;
				GCC_DYNAMIC_NO_PIC = NO;
				GCC_NO_COMMON_BLOCKS = YES;
				GCC_OPTIMIZATION_LEVEL = 0;
				GCC_PREPROCESSOR_DEFINITIONS = (
					"DEBUG=1",
					"$(inherited)",
				);
				GCC_WARN_64_TO_32_BIT_CONVERSION = YES;
				GCC_WARN_ABOUT_RETURN_TYPE = YES_ERROR;
				GCC_WARN_UNDECLARED_SELECTOR = YES;
				GCC_WARN_UNINITIALIZED_AUTOS = YES_AGGRESSIVE;
				GCC_WARN_UNUSED_FUNCTION = YES;
				GCC_WARN_UNUSED_VARIABLE = YES;
				IPHONEOS_DEPLOYMENT_TARGET = 15.4;
				MTL_ENABLE_DEBUG_INFO = INCLUDE_SOURCE;
				MTL_FAST_MATH = YES;
				ONLY_ACTIVE_ARCH = YES;
				SDKROOT = iphoneos;
				SWIFT_ACTIVE_COMPILATION_CONDITIONS = DEBUG;
				SWIFT_OPTIMIZATION_LEVEL = "-Onone";
			};
			name = Debug;
		};
		2E6C2300281A902600E0A166 /* Release */ = {
			isa = XCBuildConfiguration;
			buildSettings = {
				ALWAYS_SEARCH_USER_PATHS = NO;
				CLANG_ANALYZER_NONNULL = YES;
				CLANG_ANALYZER_NUMBER_OBJECT_CONVERSION = YES_AGGRESSIVE;
				CLANG_CXX_LANGUAGE_STANDARD = "gnu++17";
				CLANG_ENABLE_MODULES = YES;
				CLANG_ENABLE_OBJC_ARC = YES;
				CLANG_ENABLE_OBJC_WEAK = YES;
				CLANG_WARN_BLOCK_CAPTURE_AUTORELEASING = YES;
				CLANG_WARN_BOOL_CONVERSION = YES;
				CLANG_WARN_COMMA = YES;
				CLANG_WARN_CONSTANT_CONVERSION = YES;
				CLANG_WARN_DEPRECATED_OBJC_IMPLEMENTATIONS = YES;
				CLANG_WARN_DIRECT_OBJC_ISA_USAGE = YES_ERROR;
				CLANG_WARN_DOCUMENTATION_COMMENTS = YES;
				CLANG_WARN_EMPTY_BODY = YES;
				CLANG_WARN_ENUM_CONVERSION = YES;
				CLANG_WARN_INFINITE_RECURSION = YES;
				CLANG_WARN_INT_CONVERSION = YES;
				CLANG_WARN_NON_LITERAL_NULL_CONVERSION = YES;
				CLANG_WARN_OBJC_IMPLICIT_RETAIN_SELF = YES;
				CLANG_WARN_OBJC_LITERAL_CONVERSION = YES;
				CLANG_WARN_OBJC_ROOT_CLASS = YES_ERROR;
				CLANG_WARN_QUOTED_INCLUDE_IN_FRAMEWORK_HEADER = YES;
				CLANG_WARN_RANGE_LOOP_ANALYSIS = YES;
				CLANG_WARN_STRICT_PROTOTYPES = YES;
				CLANG_WARN_SUSPICIOUS_MOVE = YES;
				CLANG_WARN_UNGUARDED_AVAILABILITY = YES_AGGRESSIVE;
				CLANG_WARN_UNREACHABLE_CODE = YES;
				CLANG_WARN__DUPLICATE_METHOD_MATCH = YES;
				COPY_PHASE_STRIP = NO;
				DEBUG_INFORMATION_FORMAT = "dwarf-with-dsym";
				ENABLE_NS_ASSERTIONS = NO;
				ENABLE_STRICT_OBJC_MSGSEND = YES;
				GCC_C_LANGUAGE_STANDARD = gnu11;
				GCC_NO_COMMON_BLOCKS = YES;
				GCC_WARN_64_TO_32_BIT_CONVERSION = YES;
				GCC_WARN_ABOUT_RETURN_TYPE = YES_ERROR;
				GCC_WARN_UNDECLARED_SELECTOR = YES;
				GCC_WARN_UNINITIALIZED_AUTOS = YES_AGGRESSIVE;
				GCC_WARN_UNUSED_FUNCTION = YES;
				GCC_WARN_UNUSED_VARIABLE = YES;
				IPHONEOS_DEPLOYMENT_TARGET = 15.4;
				MTL_ENABLE_DEBUG_INFO = NO;
				MTL_FAST_MATH = YES;
				SDKROOT = iphoneos;
				SWIFT_COMPILATION_MODE = wholemodule;
				SWIFT_OPTIMIZATION_LEVEL = "-O";
				VALIDATE_PRODUCT = YES;
			};
			name = Release;
		};
		2E6C2302281A902600E0A166 /* Debug */ = {
			isa = XCBuildConfiguration;
			buildSettings = {
				ASSETCATALOG_COMPILER_APPICON_NAME = AppIcon;
				ASSETCATALOG_COMPILER_GLOBAL_ACCENT_COLOR_NAME = AccentColor;
				CODE_SIGN_STYLE = Automatic;
				CURRENT_PROJECT_VERSION = 1;
				DEVELOPMENT_TEAM = T4QWP723VW;
				GENERATE_INFOPLIST_FILE = YES;
				INFOPLIST_FILE = NC1/Info.plist;
				INFOPLIST_KEY_UIApplicationSupportsIndirectInputEvents = YES;
				INFOPLIST_KEY_UILaunchStoryboardName = LaunchScreen;
				INFOPLIST_KEY_UIMainStoryboardFile = Main;
				INFOPLIST_KEY_UISupportedInterfaceOrientations = UIInterfaceOrientationPortrait;
				INFOPLIST_KEY_UISupportedInterfaceOrientations_iPad = "UIInterfaceOrientationPortrait UIInterfaceOrientationPortraitUpsideDown UIInterfaceOrientationLandscapeLeft UIInterfaceOrientationLandscapeRight";
				INFOPLIST_KEY_UISupportedInterfaceOrientations_iPhone = "UIInterfaceOrientationPortrait UIInterfaceOrientationLandscapeLeft UIInterfaceOrientationLandscapeRight";
				LD_RUNPATH_SEARCH_PATHS = (
					"$(inherited)",
					"@executable_path/Frameworks",
				);
				MARKETING_VERSION = 1.0;
				PRODUCT_BUNDLE_IDENTIFIER = tech.harisf.NC1;
				PRODUCT_NAME = "$(TARGET_NAME)";
				SWIFT_EMIT_LOC_STRINGS = YES;
				SWIFT_VERSION = 5.0;
				TARGETED_DEVICE_FAMILY = "1,2";
			};
			name = Debug;
		};
		2E6C2303281A902600E0A166 /* Release */ = {
			isa = XCBuildConfiguration;
			buildSettings = {
				ASSETCATALOG_COMPILER_APPICON_NAME = AppIcon;
				ASSETCATALOG_COMPILER_GLOBAL_ACCENT_COLOR_NAME = AccentColor;
				CODE_SIGN_STYLE = Automatic;
				CURRENT_PROJECT_VERSION = 1;
				DEVELOPMENT_TEAM = T4QWP723VW;
				GENERATE_INFOPLIST_FILE = YES;
				INFOPLIST_FILE = NC1/Info.plist;
				INFOPLIST_KEY_UIApplicationSupportsIndirectInputEvents = YES;
				INFOPLIST_KEY_UILaunchStoryboardName = LaunchScreen;
				INFOPLIST_KEY_UIMainStoryboardFile = Main;
				INFOPLIST_KEY_UISupportedInterfaceOrientations = UIInterfaceOrientationPortrait;
				INFOPLIST_KEY_UISupportedInterfaceOrientations_iPad = "UIInterfaceOrientationPortrait UIInterfaceOrientationPortraitUpsideDown UIInterfaceOrientationLandscapeLeft UIInterfaceOrientationLandscapeRight";
				INFOPLIST_KEY_UISupportedInterfaceOrientations_iPhone = "UIInterfaceOrientationPortrait UIInterfaceOrientationLandscapeLeft UIInterfaceOrientationLandscapeRight";
				LD_RUNPATH_SEARCH_PATHS = (
					"$(inherited)",
					"@executable_path/Frameworks",
				);
				MARKETING_VERSION = 1.0;
				PRODUCT_BUNDLE_IDENTIFIER = tech.harisf.NC1;
				PRODUCT_NAME = "$(TARGET_NAME)";
				SWIFT_EMIT_LOC_STRINGS = YES;
				SWIFT_VERSION = 5.0;
				TARGETED_DEVICE_FAMILY = "1,2";
			};
			name = Release;
		};
/* End XCBuildConfiguration section */

/* Begin XCConfigurationList section */
		2E6C22E5281A902500E0A166 /* Build configuration list for PBXProject "NC1" */ = {
			isa = XCConfigurationList;
			buildConfigurations = (
				2E6C22FF281A902600E0A166 /* Debug */,
				2E6C2300281A902600E0A166 /* Release */,
			);
			defaultConfigurationIsVisible = 0;
			defaultConfigurationName = Release;
		};
		2E6C2301281A902600E0A166 /* Build configuration list for PBXNativeTarget "NC1" */ = {
			isa = XCConfigurationList;
			buildConfigurations = (
				2E6C2302281A902600E0A166 /* Debug */,
				2E6C2303281A902600E0A166 /* Release */,
			);
			defaultConfigurationIsVisible = 0;
			defaultConfigurationName = Release;
		};
/* End XCConfigurationList section */

/* Begin XCVersionGroup section */
		2E6C22F6281A902500E0A166 /* NC1.xcdatamodeld */ = {
			isa = XCVersionGroup;
			children = (
				2E6C22F7281A902500E0A166 /* NC1.xcdatamodel */,
			);
			currentVersion = 2E6C22F7281A902500E0A166 /* NC1.xcdatamodel */;
			path = NC1.xcdatamodeld;
			sourceTree = "<group>";
			versionGroupType = wrapper.xcdatamodel;
		};
/* End XCVersionGroup section */
	};
	rootObject = 2E6C22E2281A902500E0A166 /* Project object */;
}
